# This file was autogenerated by Stack.
# You should not edit this file by hand.
# For more information, please see the documentation at:
#   https://docs.haskellstack.org/en/stable/lock_files

packages:
- completed:
    name: intervals
    version: 0.9.1
    git: https://github.com/folivetti/intervals.git
    pantry-tree:
      size: 1077
      sha256: 29f6b3cee5d9a334f63651af0b5d80f87c3af0deca2b62f64ce5c7ca0c9f2bd7
    commit: 900c35c5f2f126224ccc10a56f303470f14c5174
  original:
    git: https://github.com/folivetti/intervals.git
    commit: 900c35c5f2f126224ccc10a56f303470f14c5174
snapshots:
- completed:
    size: 586041
    url: https://raw.githubusercontent.com/commercialhaskell/stackage-snapshots/master/lts/18/12.yaml
    sha256: 80fc6391195ff00c36f2a605ecbb07de909bfaa2eaa9722a27e486a6ecf8ecb0
  original:
    url: https://raw.githubusercontent.com/commercialhaskell/stackage-snapshots/master/lts/18/12.yaml
