# This file was autogenerated by Stack.
# You should not edit this file by hand.
# For more information, please see the documentation at:
#   https://docs.haskellstack.org/en/stable/lock_files

packages:
- completed:
    name: intervals
    version: 0.9.1
    git: https://github.com/folivetti/intervals.git
    pantry-tree:
      size: 1077
      sha256: 253fd09cdfc3b7749ac4db8d7eead98d225a1cc363a0af8afc658e206e32e53f
    commit: 934c6f4b9edf9480aa07c77a9d82634de2e767eb
  original:
    git: https://github.com/folivetti/intervals.git
    commit: 934c6f4b9edf9480aa07c77a9d82634de2e767eb
snapshots:
- completed:
    size: 586041
    url: https://raw.githubusercontent.com/commercialhaskell/stackage-snapshots/master/lts/18/12.yaml
    sha256: 80fc6391195ff00c36f2a605ecbb07de909bfaa2eaa9722a27e486a6ecf8ecb0
  original:
    url: https://raw.githubusercontent.com/commercialhaskell/stackage-snapshots/master/lts/18/12.yaml
