# This file was autogenerated by Stack.
# You should not edit this file by hand.
# For more information, please see the documentation at:
#   https://docs.haskellstack.org/en/stable/topics/lock_files

packages:
- completed:
    hackage: nlopt-haskell-0.1.3.0@sha256:12f18996ab8933a94b5e9b94b30cb3a4c3a845b32c9173a13407c8cd605c04ec,1592
    pantry-tree:
      sha256: f76e44273f47583343deb7e6c70db3e143e583abfdb47aa90fa6f8bd3635dfdc
      size: 350
  original:
    hackage: nlopt-haskell-0.1.3.0@sha256:12f18996ab8933a94b5e9b94b30cb3a4c3a845b32c9173a13407c8cd605c04ec,1592
- completed:
    hackage: ieee-0.7@sha256:4f444419a7861f04fb64502d14688c80e8293a86a608f6d14c3010c9bd96b6d1,1327
    pantry-tree:
      sha256: eefc5e89d3e348ce5e2bb078096e8e9c6288037dcd21317e291c550ab98ee294
      size: 638
  original:
    hackage: ieee-0.7@sha256:4f444419a7861f04fb64502d14688c80e8293a86a608f6d14c3010c9bd96b6d1,1327
- completed:
    commit: 6b384a156c9bb57175611acba7ba058aca3bb16d
    git: https://github.com/sdiehl/repline.git
    name: repline
    pantry-tree:
      sha256: ed648a96a2a1dcf5669a2874918b8d7141d598395cc177f5df69a8a76aac5433
      size: 1037
    version: 0.4.2.0
  original:
    commit: 6b384a156c9bb57175611acba7ba058aca3bb16d
    git: https://github.com/sdiehl/repline.git
- completed:
    commit: 476f3cb77654075183e3b79828f473070eddcae0
    git: https://github.com/muesli4/table-layout.git
    name: table-layout
    pantry-tree:
      sha256: bb2ca0f96318de47f42ee0274b157a8b323b62a89bb550147aa37ebd6a4bdfac
      size: 2625
    version: 1.0.0.2
  original:
    commit: 476f3cb77654075183e3b79828f473070eddcae0
    git: https://github.com/muesli4/table-layout.git
snapshots:
- completed:
    sha256: 0d0e0969dda2916e4b3744e6c72fd7a193c7d57a05610b3df5227c8618e298e8
    size: 692221
    url: https://raw.githubusercontent.com/commercialhaskell/stackage-snapshots/master/nightly/2025/5/18.yaml
  original: nightly-2025-05-18
